
Microsoft Visual Studio Solution File, Format Version 12.00
# Visual Studio Version 17
VisualStudioVersion = 17.7.34221.43
MinimumVisualStudioVersion = 10.0.40219.1
Project("{FAE04EC0-301F-11D3-BF4B-00C04F79EFBC}") = "Datamesh.API", "Datamesh.API\Datamesh.API.csproj", "{735565A7-B2B7-4A2A-B383-1BE91A9821F8}"
EndProject
Global
	GlobalSection(SolutionConfigurationPlatforms) = preSolution
		Debug|Any CPU = Debug|Any CPU
		Release|Any CPU = Release|Any CPU
	EndGlobalSection
	GlobalSection(ProjectConfigurationPlatforms) = postSolution
		{735565A7-B2B7-4A2A-B383-1BE91A9821F8}.Debug|Any CPU.ActiveCfg = Debug|Any CPU
		{735565A7-B2B7-4A2A-B383-1BE91A9821F8}.Debug|Any CPU.Build.0 = Debug|Any CPU
		{735565A7-B2B7-4A2A-B383-1BE91A9821F8}.Release|Any CPU.ActiveCfg = Release|Any CPU
		{735565A7-B2B7-4A2A-B383-1BE91A9821F8}.Release|Any CPU.Build.0 = Release|Any CPU
	EndGlobalSection
	GlobalSection(SolutionProperties) = preSolution
		HideSolutionNode = FALSE
	EndGlobalSection
	GlobalSection(ExtensibilityGlobals) = postSolution
		SolutionGuid = {488273CD-7F74-43B2-A708-DC2BD07DA232}
	EndGlobalSection
EndGlobal
